// !$*UTF8*$!
{
	archiveVersion = 1;
	classes = {
	};
	objectVersion = 50;
	objects = {

/* Begin PBXBuildFile section */
		720ABD2224F45002EFEBD443 /* Pods_SocketChat.framework in Frameworks */ = {isa = PBXBuildFile; fileRef = 72D318D12ADF7A87DC2A330E /* Pods_SocketChat.framework */; };
		7735697E219D6C0600E78E82 /* AppDelegate.swift in Sources */ = {isa = PBXBuildFile; fileRef = 7735697D219D6C0600E78E82 /* AppDelegate.swift */; };
		77356980219D6C0600E78E82 /* ViewController.swift in Sources */ = {isa = PBXBuildFile; fileRef = 7735697F219D6C0600E78E82 /* ViewController.swift */; };
		77356983219D6C0600E78E82 /* Main.storyboard in Resources */ = {isa = PBXBuildFile; fileRef = 77356981219D6C0600E78E82 /* Main.storyboard */; };
		77356985219D6C0900E78E82 /* Assets.xcassets in Resources */ = {isa = PBXBuildFile; fileRef = 77356984219D6C0900E78E82 /* Assets.xcassets */; };
		77356988219D6C0900E78E82 /* LaunchScreen.storyboard in Resources */ = {isa = PBXBuildFile; fileRef = 77356986219D6C0900E78E82 /* LaunchScreen.storyboard */; };
		77B79EB721A2856E0058E5E6 /* UserModel.swift in Sources */ = {isa = PBXBuildFile; fileRef = 77B79EB621A2856E0058E5E6 /* UserModel.swift */; };
		77B79EB921A285750058E5E6 /* RoomModel.swift in Sources */ = {isa = PBXBuildFile; fileRef = 77B79EB821A285750058E5E6 /* RoomModel.swift */; };
		77B79EBB21A2869A0058E5E6 /* TKMessage.swift in Sources */ = {isa = PBXBuildFile; fileRef = 77B79EBA21A2869A0058E5E6 /* TKMessage.swift */; };
		77B79EC121A289F30058E5E6 /* TKMessageChunk.swift in Sources */ = {isa = PBXBuildFile; fileRef = 77B79EC021A289F30058E5E6 /* TKMessageChunk.swift */; };
		77B79EC321A28ABA0058E5E6 /* ChatViewController.swift in Sources */ = {isa = PBXBuildFile; fileRef = 77B79EC221A28ABA0058E5E6 /* ChatViewController.swift */; };
		77B79EC521A290280058E5E6 /* ClientSington.swift in Sources */ = {isa = PBXBuildFile; fileRef = 77B79EC421A290280058E5E6 /* ClientSington.swift */; };
/* End PBXBuildFile section */

/* Begin PBXFileReference section */
		2A9E1814CAFB6A5F60E248CB /* Pods-SocketChat.release.xcconfig */ = {isa = PBXFileReference; includeInIndex = 1; lastKnownFileType = text.xcconfig; name = "Pods-SocketChat.release.xcconfig"; path = "Pods/Target Support Files/Pods-SocketChat/Pods-SocketChat.release.xcconfig"; sourceTree = "<group>"; };
		72D318D12ADF7A87DC2A330E /* Pods_SocketChat.framework */ = {isa = PBXFileReference; explicitFileType = wrapper.framework; includeInIndex = 0; path = Pods_SocketChat.framework; sourceTree = BUILT_PRODUCTS_DIR; };
		7735697A219D6C0600E78E82 /* SocketChat.app */ = {isa = PBXFileReference; explicitFileType = wrapper.application; includeInIndex = 0; path = SocketChat.app; sourceTree = BUILT_PRODUCTS_DIR; };
		7735697D219D6C0600E78E82 /* AppDelegate.swift */ = {isa = PBXFileReference; lastKnownFileType = sourcecode.swift; path = AppDelegate.swift; sourceTree = "<group>"; };
		7735697F219D6C0600E78E82 /* ViewController.swift */ = {isa = PBXFileReference; lastKnownFileType = sourcecode.swift; path = ViewController.swift; sourceTree = "<group>"; };
		77356982219D6C0600E78E82 /* Base */ = {isa = PBXFileReference; lastKnownFileType = file.storyboard; name = Base; path = Base.lproj/Main.storyboard; sourceTree = "<group>"; };
		77356984219D6C0900E78E82 /* Assets.xcassets */ = {isa = PBXFileReference; lastKnownFileType = folder.assetcatalog; path = Assets.xcassets; sourceTree = "<group>"; };
		77356987219D6C0900E78E82 /* Base */ = {isa = PBXFileReference; lastKnownFileType = file.storyboard; name = Base; path = Base.lproj/LaunchScreen.storyboard; sourceTree = "<group>"; };
		77356989219D6C0900E78E82 /* Info.plist */ = {isa = PBXFileReference; lastKnownFileType = text.plist.xml; path = Info.plist; sourceTree = "<group>"; };
		77B79EB621A2856E0058E5E6 /* UserModel.swift */ = {isa = PBXFileReference; lastKnownFileType = sourcecode.swift; path = UserModel.swift; sourceTree = "<group>"; };
		77B79EB821A285750058E5E6 /* RoomModel.swift */ = {isa = PBXFileReference; lastKnownFileType = sourcecode.swift; path = RoomModel.swift; sourceTree = "<group>"; };
		77B79EBA21A2869A0058E5E6 /* TKMessage.swift */ = {isa = PBXFileReference; lastKnownFileType = sourcecode.swift; path = TKMessage.swift; sourceTree = "<group>"; };
		77B79EBC21A287D20058E5E6 /* SocketChat-Bridging-Header.h */ = {isa = PBXFileReference; lastKnownFileType = sourcecode.c.h; path = "SocketChat-Bridging-Header.h"; sourceTree = "<group>"; };
		77B79EC021A289F30058E5E6 /* TKMessageChunk.swift */ = {isa = PBXFileReference; lastKnownFileType = sourcecode.swift; path = TKMessageChunk.swift; sourceTree = "<group>"; };
		77B79EC221A28ABA0058E5E6 /* ChatViewController.swift */ = {isa = PBXFileReference; lastKnownFileType = sourcecode.swift; path = ChatViewController.swift; sourceTree = "<group>"; };
		77B79EC421A290280058E5E6 /* ClientSington.swift */ = {isa = PBXFileReference; lastKnownFileType = sourcecode.swift; path = ClientSington.swift; sourceTree = "<group>"; };
		F8DCA8A0AF09A2C9F5D6D277 /* Pods-SocketChat.debug.xcconfig */ = {isa = PBXFileReference; includeInIndex = 1; lastKnownFileType = text.xcconfig; name = "Pods-SocketChat.debug.xcconfig"; path = "Pods/Target Support Files/Pods-SocketChat/Pods-SocketChat.debug.xcconfig"; sourceTree = "<group>"; };
/* End PBXFileReference section */

/* Begin PBXFrameworksBuildPhase section */
		77356977219D6C0600E78E82 /* Frameworks */ = {
			isa = PBXFrameworksBuildPhase;
			buildActionMask = 2147483647;
			files = (
				720ABD2224F45002EFEBD443 /* Pods_SocketChat.framework in Frameworks */,
			);
			runOnlyForDeploymentPostprocessing = 0;
		};
/* End PBXFrameworksBuildPhase section */

/* Begin PBXGroup section */
		64757E4901099DD41ADFF48A /* Pods */ = {
			isa = PBXGroup;
			children = (
				F8DCA8A0AF09A2C9F5D6D277 /* Pods-SocketChat.debug.xcconfig */,
				2A9E1814CAFB6A5F60E248CB /* Pods-SocketChat.release.xcconfig */,
			);
			name = Pods;
			sourceTree = "<group>";
		};
		711BDDF218175EAD13DD55B0 /* Frameworks */ = {
			isa = PBXGroup;
			children = (
				72D318D12ADF7A87DC2A330E /* Pods_SocketChat.framework */,
			);
			name = Frameworks;
			sourceTree = "<group>";
		};
		77356971219D6C0600E78E82 = {
			isa = PBXGroup;
			children = (
				7735697C219D6C0600E78E82 /* SocketChat */,
				7735697B219D6C0600E78E82 /* Products */,
				64757E4901099DD41ADFF48A /* Pods */,
				711BDDF218175EAD13DD55B0 /* Frameworks */,
			);
			sourceTree = "<group>";
		};
		7735697B219D6C0600E78E82 /* Products */ = {
			isa = PBXGroup;
			children = (
				7735697A219D6C0600E78E82 /* SocketChat.app */,
			);
			name = Products;
			sourceTree = "<group>";
		};
		7735697C219D6C0600E78E82 /* SocketChat */ = {
			isa = PBXGroup;
			children = (
				77B79EB321A285510058E5E6 /* Classes */,
				7735697D219D6C0600E78E82 /* AppDelegate.swift */,
				7735697F219D6C0600E78E82 /* ViewController.swift */,
				77356981219D6C0600E78E82 /* Main.storyboard */,
				77356984219D6C0900E78E82 /* Assets.xcassets */,
				77356986219D6C0900E78E82 /* LaunchScreen.storyboard */,
				77356989219D6C0900E78E82 /* Info.plist */,
				77B79EBC21A287D20058E5E6 /* SocketChat-Bridging-Header.h */,
			);
			path = SocketChat;
			sourceTree = "<group>";
		};
		77B79EB321A285510058E5E6 /* Classes */ = {
			isa = PBXGroup;
			children = (
				77B79EB421A285510058E5E6 /* Constroller */,
				77B79EB521A285510058E5E6 /* Models */,
			);
			path = Classes;
			sourceTree = "<group>";
		};
		77B79EB421A285510058E5E6 /* Constroller */ = {
			isa = PBXGroup;
			children = (
				77B79EC221A28ABA0058E5E6 /* ChatViewController.swift */,
			);
			path = Constroller;
			sourceTree = "<group>";
		};
		77B79EB521A285510058E5E6 /* Models */ = {
			isa = PBXGroup;
			children = (
				77B79EB621A2856E0058E5E6 /* UserModel.swift */,
				77B79EB821A285750058E5E6 /* RoomModel.swift */,
				77B79EBA21A2869A0058E5E6 /* TKMessage.swift */,
				77B79EC021A289F30058E5E6 /* TKMessageChunk.swift */,
				77B79EC421A290280058E5E6 /* ClientSington.swift */,
			);
			path = Models;
			sourceTree = "<group>";
		};
/* End PBXGroup section */

/* Begin PBXNativeTarget section */
		77356979219D6C0600E78E82 /* SocketChat */ = {
			isa = PBXNativeTarget;
			buildConfigurationList = 7735698C219D6C0900E78E82 /* Build configuration list for PBXNativeTarget "SocketChat" */;
			buildPhases = (
				02A1FFD0200B9E3BEEB17C00 /* [CP] Check Pods Manifest.lock */,
				77356976219D6C0600E78E82 /* Sources */,
				77356977219D6C0600E78E82 /* Frameworks */,
				77356978219D6C0600E78E82 /* Resources */,
				EB726E0EFC24475AA1BB0866 /* [CP] Embed Pods Frameworks */,
			);
			buildRules = (
			);
			dependencies = (
			);
			name = SocketChat;
			productName = SocketChat;
			productReference = 7735697A219D6C0600E78E82 /* SocketChat.app */;
			productType = "com.apple.product-type.application";
		};
/* End PBXNativeTarget section */

/* Begin PBXProject section */
		77356972219D6C0600E78E82 /* Project object */ = {
			isa = PBXProject;
			attributes = {
				LastSwiftUpdateCheck = 1010;
				LastUpgradeCheck = 1010;
				ORGANIZATIONNAME = quanjunt;
				TargetAttributes = {
					77356979219D6C0600E78E82 = {
						CreatedOnToolsVersion = 10.1;
						LastSwiftMigration = 1010;
					};
				};
			};
			buildConfigurationList = 77356975219D6C0600E78E82 /* Build configuration list for PBXProject "SocketChat" */;
			compatibilityVersion = "Xcode 9.3";
			developmentRegion = en;
			hasScannedForEncodings = 0;
			knownRegions = (
				en,
				Base,
			);
			mainGroup = 77356971219D6C0600E78E82;
			productRefGroup = 7735697B219D6C0600E78E82 /* Products */;
			projectDirPath = "";
			projectRoot = "";
			targets = (
				77356979219D6C0600E78E82 /* SocketChat */,
			);
		};
/* End PBXProject section */

/* Begin PBXResourcesBuildPhase section */
		77356978219D6C0600E78E82 /* Resources */ = {
			isa = PBXResourcesBuildPhase;
			buildActionMask = 2147483647;
			files = (
				77356988219D6C0900E78E82 /* LaunchScreen.storyboard in Resources */,
				77356985219D6C0900E78E82 /* Assets.xcassets in Resources */,
				77356983219D6C0600E78E82 /* Main.storyboard in Resources */,
			);
			runOnlyForDeploymentPostprocessing = 0;
		};
/* End PBXResourcesBuildPhase section */

/* Begin PBXShellScriptBuildPhase section */
		02A1FFD0200B9E3BEEB17C00 /* [CP] Check Pods Manifest.lock */ = {
			isa = PBXShellScriptBuildPhase;
			buildActionMask = 2147483647;
			files = (
			);
			inputFileListPaths = (
			);
			inputPaths = (
				"${PODS_PODFILE_DIR_PATH}/Podfile.lock",
				"${PODS_ROOT}/Manifest.lock",
			);
			name = "[CP] Check Pods Manifest.lock";
			outputFileListPaths = (
			);
			outputPaths = (
				"$(DERIVED_FILE_DIR)/Pods-SocketChat-checkManifestLockResult.txt",
			);
			runOnlyForDeploymentPostprocessing = 0;
			shellPath = /bin/sh;
			shellScript = "diff \"${PODS_PODFILE_DIR_PATH}/Podfile.lock\" \"${PODS_ROOT}/Manifest.lock\" > /dev/null\nif [ $? != 0 ] ; then\n    # print error to STDERR\n    echo \"error: The sandbox is not in sync with the Podfile.lock. Run 'pod install' or update your CocoaPods installation.\" >&2\n    exit 1\nfi\n# This output is used by Xcode 'outputs' to avoid re-running this script phase.\necho \"SUCCESS\" > \"${SCRIPT_OUTPUT_FILE_0}\"\n";
			showEnvVarsInLog = 0;
		};
		EB726E0EFC24475AA1BB0866 /* [CP] Embed Pods Frameworks */ = {
			isa = PBXShellScriptBuildPhase;
			buildActionMask = 2147483647;
			files = (
			);
			inputFileListPaths = (
			);
			inputPaths = (
				"${SRCROOT}/Pods/Target Support Files/Pods-SocketChat/Pods-SocketChat-frameworks.sh",
				"${BUILT_PRODUCTS_DIR}/JSQMessagesViewController/JSQMessagesViewController.framework",
				"${BUILT_PRODUCTS_DIR}/JSQSystemSoundPlayer/JSQSystemSoundPlayer.framework",
				"${BUILT_PRODUCTS_DIR}/MJExtension/MJExtension.framework",
				"${BUILT_PRODUCTS_DIR}/Socket.IO-Client-Swift/SocketIO.framework",
				"${BUILT_PRODUCTS_DIR}/Starscream/Starscream.framework",
			);
			name = "[CP] Embed Pods Frameworks";
			outputFileListPaths = (
			);
			outputPaths = (
				"${TARGET_BUILD_DIR}/${FRAMEWORKS_FOLDER_PATH}/JSQMessagesViewController.framework",
				"${TARGET_BUILD_DIR}/${FRAMEWORKS_FOLDER_PATH}/JSQSystemSoundPlayer.framework",
				"${TARGET_BUILD_DIR}/${FRAMEWORKS_FOLDER_PATH}/MJExtension.framework",
				"${TARGET_BUILD_DIR}/${FRAMEWORKS_FOLDER_PATH}/SocketIO.framework",
				"${TARGET_BUILD_DIR}/${FRAMEWORKS_FOLDER_PATH}/Starscream.framework",
			);
			runOnlyForDeploymentPostprocessing = 0;
			shellPath = /bin/sh;
			shellScript = "\"${SRCROOT}/Pods/Target Support Files/Pods-SocketChat/Pods-SocketChat-frameworks.sh\"\n";
			showEnvVarsInLog = 0;
		};
/* End PBXShellScriptBuildPhase section */

/* Begin PBXSourcesBuildPhase section */
		77356976219D6C0600E78E82 /* Sources */ = {
			isa = PBXSourcesBuildPhase;
			buildActionMask = 2147483647;
			files = (
				77B79EC121A289F30058E5E6 /* TKMessageChunk.swift in Sources */,
				77B79EBB21A2869A0058E5E6 /* TKMessage.swift in Sources */,
				77B79EB921A285750058E5E6 /* RoomModel.swift in Sources */,
				77B79EC321A28ABA0058E5E6 /* ChatViewController.swift in Sources */,
				77356980219D6C0600E78E82 /* ViewController.swift in Sources */,
				77B79EB721A2856E0058E5E6 /* UserModel.swift in Sources */,
				7735697E219D6C0600E78E82 /* AppDelegate.swift in Sources */,
				77B79EC521A290280058E5E6 /* ClientSington.swift in Sources */,
			);
			runOnlyForDeploymentPostprocessing = 0;
		};
/* End PBXSourcesBuildPhase section */

/* Begin PBXVariantGroup section */
		77356981219D6C0600E78E82 /* Main.storyboard */ = {
			isa = PBXVariantGroup;
			children = (
				77356982219D6C0600E78E82 /* Base */,
			);
			name = Main.storyboard;
			sourceTree = "<group>";
		};
		77356986219D6C0900E78E82 /* LaunchScreen.storyboard */ = {
			isa = PBXVariantGroup;
			children = (
				77356987219D6C0900E78E82 /* Base */,
			);
			name = LaunchScreen.storyboard;
			sourceTree = "<group>";
		};
/* End PBXVariantGroup section */

/* Begin XCBuildConfiguration section */
		7735698A219D6C0900E78E82 /* Debug */ = {
			isa = XCBuildConfiguration;
			buildSettings = {
				ALWAYS_SEARCH_USER_PATHS = NO;
				CLANG_ANALYZER_NONNULL = YES;
				CLANG_ANALYZER_NUMBER_OBJECT_CONVERSION = YES_AGGRESSIVE;
				CLANG_CXX_LANGUAGE_STANDARD = "gnu++14";
				CLANG_CXX_LIBRARY = "libc++";
				CLANG_ENABLE_MODULES = YES;
				CLANG_ENABLE_OBJC_ARC = YES;
				CLANG_ENABLE_OBJC_WEAK = YES;
				CLANG_WARN_BLOCK_CAPTURE_AUTORELEASING = YES;
				CLANG_WARN_BOOL_CONVERSION = YES;
				CLANG_WARN_COMMA = YES;
				CLANG_WARN_CONSTANT_CONVERSION = YES;
				CLANG_WARN_DEPRECATED_OBJC_IMPLEMENTATIONS = YES;
				CLANG_WARN_DIRECT_OBJC_ISA_USAGE = YES_ERROR;
				CLANG_WARN_DOCUMENTATION_COMMENTS = YES;
				CLANG_WARN_EMPTY_BODY = YES;
				CLANG_WARN_ENUM_CONVERSION = YES;
				CLANG_WARN_INFINITE_RECURSION = YES;
				CLANG_WARN_INT_CONVERSION = YES;
				CLANG_WARN_NON_LITERAL_NULL_CONVERSION = YES;
				CLANG_WARN_OBJC_IMPLICIT_RETAIN_SELF = YES;
				CLANG_WARN_OBJC_LITERAL_CONVERSION = YES;
				CLANG_WARN_OBJC_ROOT_CLASS = YES_ERROR;
				CLANG_WARN_RANGE_LOOP_ANALYSIS = YES;
				CLANG_WARN_STRICT_PROTOTYPES = YES;
				CLANG_WARN_SUSPICIOUS_MOVE = YES;
				CLANG_WARN_UNGUARDED_AVAILABILITY = YES_AGGRESSIVE;
				CLANG_WARN_UNREACHABLE_CODE = YES;
				CLANG_WARN__DUPLICATE_METHOD_MATCH = YES;
				CODE_SIGN_IDENTITY = "iPhone Developer";
				COPY_PHASE_STRIP = NO;
				DEBUG_INFORMATION_FORMAT = dwarf;
				ENABLE_STRICT_OBJC_MSGSEND = YES;
				ENABLE_TESTABILITY = YES;
				GCC_C_LANGUAGE_STANDARD = gnu11;
				GCC_DYNAMIC_NO_PIC = NO;
				GCC_NO_COMMON_BLOCKS = YES;
				GCC_OPTIMIZATION_LEVEL = 0;
				GCC_PREPROCESSOR_DEFINITIONS = (
					"DEBUG=1",
					"$(inherited)",
				);
				GCC_WARN_64_TO_32_BIT_CONVERSION = YES;
				GCC_WARN_ABOUT_RETURN_TYPE = YES_ERROR;
				GCC_WARN_UNDECLARED_SELECTOR = YES;
				GCC_WARN_UNINITIALIZED_AUTOS = YES_AGGRESSIVE;
				GCC_WARN_UNUSED_FUNCTION = YES;
				GCC_WARN_UNUSED_VARIABLE = YES;
				IPHONEOS_DEPLOYMENT_TARGET = 12.1;
				MTL_ENABLE_DEBUG_INFO = INCLUDE_SOURCE;
				MTL_FAST_MATH = YES;
				ONLY_ACTIVE_ARCH = YES;
				SDKROOT = iphoneos;
				SWIFT_ACTIVE_COMPILATION_CONDITIONS = DEBUG;
				SWIFT_OPTIMIZATION_LEVEL = "-Onone";
			};
			name = Debug;
		};
		7735698B219D6C0900E78E82 /* Release */ = {
			isa = XCBuildConfiguration;
			buildSettings = {
				ALWAYS_SEARCH_USER_PATHS = NO;
				CLANG_ANALYZER_NONNULL = YES;
				CLANG_ANALYZER_NUMBER_OBJECT_CONVERSION = YES_AGGRESSIVE;
				CLANG_CXX_LANGUAGE_STANDARD = "gnu++14";
				CLANG_CXX_LIBRARY = "libc++";
				CLANG_ENABLE_MODULES = YES;
				CLANG_ENABLE_OBJC_ARC = YES;
				CLANG_ENABLE_OBJC_WEAK = YES;
				CLANG_WARN_BLOCK_CAPTURE_AUTORELEASING = YES;
				CLANG_WARN_BOOL_CONVERSION = YES;
				CLANG_WARN_COMMA = YES;
				CLANG_WARN_CONSTANT_CONVERSION = YES;
				CLANG_WARN_DEPRECATED_OBJC_IMPLEMENTATIONS = YES;
				CLANG_WARN_DIRECT_OBJC_ISA_USAGE = YES_ERROR;
				CLANG_WARN_DOCUMENTATION_COMMENTS = YES;
				CLANG_WARN_EMPTY_BODY = YES;
				CLANG_WARN_ENUM_CONVERSION = YES;
				CLANG_WARN_INFINITE_RECURSION = YES;
				CLANG_WARN_INT_CONVERSION = YES;
				CLANG_WARN_NON_LITERAL_NULL_CONVERSION = YES;
				CLANG_WARN_OBJC_IMPLICIT_RETAIN_SELF = YES;
				CLANG_WARN_OBJC_LITERAL_CONVERSION = YES;
				CLANG_WARN_OBJC_ROOT_CLASS = YES_ERROR;
				CLANG_WARN_RANGE_LOOP_ANALYSIS = YES;
				CLANG_WARN_STRICT_PROTOTYPES = YES;
				CLANG_WARN_SUSPICIOUS_MOVE = YES;
				CLANG_WARN_UNGUARDED_AVAILABILITY = YES_AGGRESSIVE;
				CLANG_WARN_UNREACHABLE_CODE = YES;
				CLANG_WARN__DUPLICATE_METHOD_MATCH = YES;
				CODE_SIGN_IDENTITY = "iPhone Developer";
				COPY_PHASE_STRIP = NO;
				DEBUG_INFORMATION_FORMAT = "dwarf-with-dsym";
				ENABLE_NS_ASSERTIONS = NO;
				ENABLE_STRICT_OBJC_MSGSEND = YES;
				GCC_C_LANGUAGE_STANDARD = gnu11;
				GCC_NO_COMMON_BLOCKS = YES;
				GCC_WARN_64_TO_32_BIT_CONVERSION = YES;
				GCC_WARN_ABOUT_RETURN_TYPE = YES_ERROR;
				GCC_WARN_UNDECLARED_SELECTOR = YES;
				GCC_WARN_UNINITIALIZED_AUTOS = YES_AGGRESSIVE;
				GCC_WARN_UNUSED_FUNCTION = YES;
				GCC_WARN_UNUSED_VARIABLE = YES;
				IPHONEOS_DEPLOYMENT_TARGET = 12.1;
				MTL_ENABLE_DEBUG_INFO = NO;
				MTL_FAST_MATH = YES;
				SDKROOT = iphoneos;
				SWIFT_COMPILATION_MODE = wholemodule;
				SWIFT_OPTIMIZATION_LEVEL = "-O";
				VALIDATE_PRODUCT = YES;
			};
			name = Release;
		};
		7735698D219D6C0900E78E82 /* Debug */ = {
			isa = XCBuildConfiguration;
			baseConfigurationReference = F8DCA8A0AF09A2C9F5D6D277 /* Pods-SocketChat.debug.xcconfig */;
			buildSettings = {
				ASSETCATALOG_COMPILER_APPICON_NAME = AppIcon;
				CLANG_ENABLE_MODULES = YES;
				CODE_SIGN_STYLE = Automatic;
				DEVELOPMENT_TEAM = 2KD3B537DU;
				INFOPLIST_FILE = SocketChat/Info.plist;
				IPHONEOS_DEPLOYMENT_TARGET = 10.3;
				LD_RUNPATH_SEARCH_PATHS = (
					"$(inherited)",
					"@executable_path/Frameworks",
				);
				PRODUCT_BUNDLE_IDENTIFIER = com.candylink.www.SocketChat;
				PRODUCT_NAME = "$(TARGET_NAME)";
				SWIFT_OBJC_BRIDGING_HEADER = "SocketChat/SocketChat-Bridging-Header.h";
				SWIFT_OPTIMIZATION_LEVEL = "-Onone";
				SWIFT_VERSION = 4.2;
				TARGETED_DEVICE_FAMILY = "1,2";
			};
			name = Debug;
		};
		7735698E219D6C0900E78E82 /* Release */ = {
			isa = XCBuildConfiguration;
			baseConfigurationReference = 2A9E1814CAFB6A5F60E248CB /* Pods-SocketChat.release.xcconfig */;
			buildSettings = {
				ASSETCATALOG_COMPILER_APPICON_NAME = AppIcon;
				CLANG_ENABLE_MODULES = YES;
				CODE_SIGN_STYLE = Automatic;
				DEVELOPMENT_TEAM = 2KD3B537DU;
				INFOPLIST_FILE = SocketChat/Info.plist;
				IPHONEOS_DEPLOYMENT_TARGET = 10.3;
				LD_RUNPATH_SEARCH_PATHS = (
					"$(inherited)",
					"@executable_path/Frameworks",
				);
				PRODUCT_BUNDLE_IDENTIFIER = com.candylink.www.SocketChat;
				PRODUCT_NAME = "$(TARGET_NAME)";
				SWIFT_OBJC_BRIDGING_HEADER = "SocketChat/SocketChat-Bridging-Header.h";
				SWIFT_VERSION = 4.2;
				TARGETED_DEVICE_FAMILY = "1,2";
			};
			name = Release;
		};
/* End XCBuildConfiguration section */

/* Begin XCConfigurationList section */
		77356975219D6C0600E78E82 /* Build configuration list for PBXProject "SocketChat" */ = {
			isa = XCConfigurationList;
			buildConfigurations = (
				7735698A219D6C0900E78E82 /* Debug */,
				7735698B219D6C0900E78E82 /* Release */,
			);
			defaultConfigurationIsVisible = 0;
			defaultConfigurationName = Release;
		};
		7735698C219D6C0900E78E82 /* Build configuration list for PBXNativeTarget "SocketChat" */ = {
			isa = XCConfigurationList;
			buildConfigurations = (
				7735698D219D6C0900E78E82 /* Debug */,
				7735698E219D6C0900E78E82 /* Release */,
			);
			defaultConfigurationIsVisible = 0;
			defaultConfigurationName = Release;
		};
/* End XCConfigurationList section */
	};
	rootObject = 77356972219D6C0600E78E82 /* Project object */;
}
