PODS:
  - Socket.IO-Client-Swift (13.3.0):
    - Starscream (~> 3.0.2)
  - Starscream (3.0.5)

DEPENDENCIES:
  - Socket.IO-Client-Swift

SPEC REPOS:
  https://github.com/cocoapods/specs.git:
    - Socket.IO-Client-Swift
    - Starscream

SPEC CHECKSUMS:
  Socket.IO-Client-Swift: 0afb192a562db90d50e3f7f7421c06925a3f0179
  Starscream: faf918b2f2eff7d5dd21180646bf015a669673bd

PODFILE CHECKSUM: c01bbc3b60913e783ff130cab69ee4ff7d026245

COCOAPODS: 1.5.3
